// !$*UTF8*$!
{
	archiveVersion = 1;
	classes = {
	};
	objectVersion = 77;
	objects = {

/* Begin PBXContainerItemProxy section */
		174073DF2DCBDDC1000D0596 /* PBXContainerItemProxy */ = {
			isa = PBXContainerItemProxy;
			containerPortal = 174073C62DCBDDBD000D0596 /* Project object */;
			proxyType = 1;
			remoteGlobalIDString = 174073CD2DCBDDBE000D0596;
			remoteInfo = "base-ios";
		};
		174073E92DCBDDC2000D0596 /* PBXContainerItemProxy */ = {
			isa = PBXContainerItemProxy;
			containerPortal = 174073C62DCBDDBD000D0596 /* Project object */;
			proxyType = 1;
			remoteGlobalIDString = 174073CD2DCBDDBE000D0596;
			remoteInfo = "base-ios";
		};
/* End PBXContainerItemProxy section */

/* Begin PBXFileReference section */
		174073CE2DCBDDBE000D0596 /* base-ios.app */ = {isa = PBXFileReference; explicitFileType = wrapper.application; includeInIndex = 0; path = "base-ios.app"; sourceTree = BUILT_PRODUCTS_DIR; };
		174073DE2DCBDDC1000D0596 /* base-iosTests.xctest */ = {isa = PBXFileReference; explicitFileType = wrapper.cfbundle; includeInIndex = 0; path = "base-iosTests.xctest"; sourceTree = BUILT_PRODUCTS_DIR; };
		174073E82DCBDDC2000D0596 /* base-iosUITests.xctest */ = {isa = PBXFileReference; explicitFileType = wrapper.cfbundle; includeInIndex = 0; path = "base-iosUITests.xctest"; sourceTree = BUILT_PRODUCTS_DIR; };
/* End PBXFileReference section */

/* Begin PBXFileSystemSynchronizedRootGroup section */
		174073D02DCBDDBE000D0596 /* base-ios */ = {
			isa = PBXFileSystemSynchronizedRootGroup;
			path = "base-ios";
			sourceTree = "<group>";
		};
		174073E12DCBDDC1000D0596 /* base-iosTests */ = {
			isa = PBXFileSystemSynchronizedRootGroup;
			path = "base-iosTests";
			sourceTree = "<group>";
		};
		174073EB2DCBDDC2000D0596 /* base-iosUITests */ = {
			isa = PBXFileSystemSynchronizedRootGroup;
			path = "base-iosUITests";
			sourceTree = "<group>";
		};
/* End PBXFileSystemSynchronizedRootGroup section */

/* Begin PBXFrameworksBuildPhase section */
		174073CB2DCBDDBE000D0596 /* Frameworks */ = {
			isa = PBXFrameworksBuildPhase;
			buildActionMask = 2147483647;
			files = (
			);
			runOnlyForDeploymentPostprocessing = 0;
		};
		174073DB2DCBDDC1000D0596 /* Frameworks */ = {
			isa = PBXFrameworksBuildPhase;
			buildActionMask = 2147483647;
			files = (
			);
			runOnlyForDeploymentPostprocessing = 0;
		};
		174073E52DCBDDC2000D0596 /* Frameworks */ = {
			isa = PBXFrameworksBuildPhase;
			buildActionMask = 2147483647;
			files = (
			);
			runOnlyForDeploymentPostprocessing = 0;
		};
/* End PBXFrameworksBuildPhase section */

/* Begin PBXGroup section */
		174073C52DCBDDBD000D0596 = {
			isa = PBXGroup;
			children = (
				174073D02DCBDDBE000D0596 /* base-ios */,
				174073E12DCBDDC1000D0596 /* base-iosTests */,
				174073EB2DCBDDC2000D0596 /* base-iosUITests */,
				174073CF2DCBDDBE000D0596 /* Products */,
			);
			sourceTree = "<group>";
		};
		174073CF2DCBDDBE000D0596 /* Products */ = {
			isa = PBXGroup;
			children = (
				174073CE2DCBDDBE000D0596 /* base-ios.app */,
				174073DE2DCBDDC1000D0596 /* base-iosTests.xctest */,
				174073E82DCBDDC2000D0596 /* base-iosUITests.xctest */,
			);
			name = Products;
			sourceTree = "<group>";
		};
/* End PBXGroup section */

/* Begin PBXNativeTarget section */
		174073CD2DCBDDBE000D0596 /* base-ios */ = {
			isa = PBXNativeTarget;
			buildConfigurationList = 174073F22DCBDDC2000D0596 /* Build configuration list for PBXNativeTarget "base-ios" */;
			buildPhases = (
				174073CA2DCBDDBE000D0596 /* Sources */,
				174073CB2DCBDDBE000D0596 /* Frameworks */,
				174073CC2DCBDDBE000D0596 /* Resources */,
			);
			buildRules = (
			);
			dependencies = (
			);
			fileSystemSynchronizedGroups = (
				174073D02DCBDDBE000D0596 /* base-ios */,
			);
			name = "base-ios";
			packageProductDependencies = (
			);
			productName = "base-ios";
			productReference = 174073CE2DCBDDBE000D0596 /* base-ios.app */;
			productType = "com.apple.product-type.application";
		};
		174073DD2DCBDDC1000D0596 /* base-iosTests */ = {
			isa = PBXNativeTarget;
			buildConfigurationList = 174073F52DCBDDC2000D0596 /* Build configuration list for PBXNativeTarget "base-iosTests" */;
			buildPhases = (
				174073DA2DCBDDC1000D0596 /* Sources */,
				174073DB2DCBDDC1000D0596 /* Frameworks */,
				174073DC2DCBDDC1000D0596 /* Resources */,
			);
			buildRules = (
			);
			dependencies = (
				174073E02DCBDDC1000D0596 /* PBXTargetDependency */,
			);
			fileSystemSynchronizedGroups = (
				174073E12DCBDDC1000D0596 /* base-iosTests */,
			);
			name = "base-iosTests";
			packageProductDependencies = (
			);
			productName = "base-iosTests";
			productReference = 174073DE2DCBDDC1000D0596 /* base-iosTests.xctest */;
			productType = "com.apple.product-type.bundle.unit-test";
		};
		174073E72DCBDDC2000D0596 /* base-iosUITests */ = {
			isa = PBXNativeTarget;
			buildConfigurationList = 174073F82DCBDDC2000D0596 /* Build configuration list for PBXNativeTarget "base-iosUITests" */;
			buildPhases = (
				174073E42DCBDDC2000D0596 /* Sources */,
				174073E52DCBDDC2000D0596 /* Frameworks */,
				174073E62DCBDDC2000D0596 /* Resources */,
			);
			buildRules = (
			);
			dependencies = (
				174073EA2DCBDDC2000D0596 /* PBXTargetDependency */,
			);
			fileSystemSynchronizedGroups = (
				174073EB2DCBDDC2000D0596 /* base-iosUITests */,
			);
			name = "base-iosUITests";
			packageProductDependencies = (
			);
			productName = "base-iosUITests";
			productReference = 174073E82DCBDDC2000D0596 /* base-iosUITests.xctest */;
			productType = "com.apple.product-type.bundle.ui-testing";
		};
/* End PBXNativeTarget section */

/* Begin PBXProject section */
		174073C62DCBDDBD000D0596 /* Project object */ = {
			isa = PBXProject;
			attributes = {
				BuildIndependentTargetsInParallel = 1;
				LastSwiftUpdateCheck = 1620;
				LastUpgradeCheck = 1620;
				TargetAttributes = {
					174073CD2DCBDDBE000D0596 = {
						CreatedOnToolsVersion = 16.2;
					};
					174073DD2DCBDDC1000D0596 = {
						CreatedOnToolsVersion = 16.2;
						TestTargetID = 174073CD2DCBDDBE000D0596;
					};
					174073E72DCBDDC2000D0596 = {
						CreatedOnToolsVersion = 16.2;
						TestTargetID = 174073CD2DCBDDBE000D0596;
					};
				};
			};
			buildConfigurationList = 174073C92DCBDDBD000D0596 /* Build configuration list for PBXProject "base-ios" */;
			developmentRegion = en;
			hasScannedForEncodings = 0;
			knownRegions = (
				en,
				Base,
			);
			mainGroup = 174073C52DCBDDBD000D0596;
			minimizedProjectReferenceProxies = 1;
			preferredProjectObjectVersion = 77;
			productRefGroup = 174073CF2DCBDDBE000D0596 /* Products */;
			projectDirPath = "";
			projectRoot = "";
			targets = (
				174073CD2DCBDDBE000D0596 /* base-ios */,
				174073DD2DCBDDC1000D0596 /* base-iosTests */,
				174073E72DCBDDC2000D0596 /* base-iosUITests */,
			);
		};
/* End PBXProject section */

/* Begin PBXResourcesBuildPhase section */
		174073CC2DCBDDBE000D0596 /* Resources */ = {
			isa = PBXResourcesBuildPhase;
			buildActionMask = 2147483647;
			files = (
			);
			runOnlyForDeploymentPostprocessing = 0;
		};
		174073DC2DCBDDC1000D0596 /* Resources */ = {
			isa = PBXResourcesBuildPhase;
			buildActionMask = 2147483647;
			files = (
			);
			runOnlyForDeploymentPostprocessing = 0;
		};
		174073E62DCBDDC2000D0596 /* Resources */ = {
			isa = PBXResourcesBuildPhase;
			buildActionMask = 2147483647;
			files = (
			);
			runOnlyForDeploymentPostprocessing = 0;
		};
/* End PBXResourcesBuildPhase section */

/* Begin PBXSourcesBuildPhase section */
		174073CA2DCBDDBE000D0596 /* Sources */ = {
			isa = PBXSourcesBuildPhase;
			buildActionMask = 2147483647;
			files = (
			);
			runOnlyForDeploymentPostprocessing = 0;
		};
		174073DA2DCBDDC1000D0596 /* Sources */ = {
			isa = PBXSourcesBuildPhase;
			buildActionMask = 2147483647;
			files = (
			);
			runOnlyForDeploymentPostprocessing = 0;
		};
		174073E42DCBDDC2000D0596 /* Sources */ = {
			isa = PBXSourcesBuildPhase;
			buildActionMask = 2147483647;
			files = (
			);
			runOnlyForDeploymentPostprocessing = 0;
		};
/* End PBXSourcesBuildPhase section */

/* Begin PBXTargetDependency section */
		174073E02DCBDDC1000D0596 /* PBXTargetDependency */ = {
			isa = PBXTargetDependency;
			target = 174073CD2DCBDDBE000D0596 /* base-ios */;
			targetProxy = 174073DF2DCBDDC1000D0596 /* PBXContainerItemProxy */;
		};
		174073EA2DCBDDC2000D0596 /* PBXTargetDependency */ = {
			isa = PBXTargetDependency;
			target = 174073CD2DCBDDBE000D0596 /* base-ios */;
			targetProxy = 174073E92DCBDDC2000D0596 /* PBXContainerItemProxy */;
		};
/* End PBXTargetDependency section */

/* Begin XCBuildConfiguration section */
		174073F02DCBDDC2000D0596 /* Debug */ = {
			isa = XCBuildConfiguration;
			buildSettings = {
				ALWAYS_SEARCH_USER_PATHS = NO;
				ASSETCATALOG_COMPILER_GENERATE_SWIFT_ASSET_SYMBOL_EXTENSIONS = YES;
				CLANG_ANALYZER_NONNULL = YES;
				CLANG_ANALYZER_NUMBER_OBJECT_CONVERSION = YES_AGGRESSIVE;
				CLANG_CXX_LANGUAGE_STANDARD = "gnu++20";
				CLANG_ENABLE_MODULES = YES;
				CLANG_ENABLE_OBJC_ARC = YES;
				CLANG_ENABLE_OBJC_WEAK = YES;
				CLANG_WARN_BLOCK_CAPTURE_AUTORELEASING = YES;
				CLANG_WARN_BOOL_CONVERSION = YES;
				CLANG_WARN_COMMA = YES;
				CLANG_WARN_CONSTANT_CONVERSION = YES;
				CLANG_WARN_DEPRECATED_OBJC_IMPLEMENTATIONS = YES;
				CLANG_WARN_DIRECT_OBJC_ISA_USAGE = YES_ERROR;
				CLANG_WARN_DOCUMENTATION_COMMENTS = YES;
				CLANG_WARN_EMPTY_BODY = YES;
				CLANG_WARN_ENUM_CONVERSION = YES;
				CLANG_WARN_INFINITE_RECURSION = YES;
				CLANG_WARN_INT_CONVERSION = YES;
				CLANG_WARN_NON_LITERAL_NULL_CONVERSION = YES;
				CLANG_WARN_OBJC_IMPLICIT_RETAIN_SELF = YES;
				CLANG_WARN_OBJC_LITERAL_CONVERSION = YES;
				CLANG_WARN_OBJC_ROOT_CLASS = YES_ERROR;
				CLANG_WARN_QUOTED_INCLUDE_IN_FRAMEWORK_HEADER = YES;
				CLANG_WARN_RANGE_LOOP_ANALYSIS = YES;
				CLANG_WARN_STRICT_PROTOTYPES = YES;
				CLANG_WARN_SUSPICIOUS_MOVE = YES;
				CLANG_WARN_UNGUARDED_AVAILABILITY = YES_AGGRESSIVE;
				CLANG_WARN_UNREACHABLE_CODE = YES;
				CLANG_WARN__DUPLICATE_METHOD_MATCH = YES;
				COPY_PHASE_STRIP = NO;
				DEBUG_INFORMATION_FORMAT = dwarf;
				ENABLE_STRICT_OBJC_MSGSEND = YES;
				ENABLE_TESTABILITY = YES;
				ENABLE_USER_SCRIPT_SANDBOXING = YES;
				GCC_C_LANGUAGE_STANDARD = gnu17;
				GCC_DYNAMIC_NO_PIC = NO;
				GCC_NO_COMMON_BLOCKS = YES;
				GCC_OPTIMIZATION_LEVEL = 0;
				GCC_PREPROCESSOR_DEFINITIONS = (
					"DEBUG=1",
					"$(inherited)",
				);
				GCC_WARN_64_TO_32_BIT_CONVERSION = YES;
				GCC_WARN_ABOUT_RETURN_TYPE = YES_ERROR;
				GCC_WARN_UNDECLARED_SELECTOR = YES;
				GCC_WARN_UNINITIALIZED_AUTOS = YES_AGGRESSIVE;
				GCC_WARN_UNUSED_FUNCTION = YES;
				GCC_WARN_UNUSED_VARIABLE = YES;
				IPHONEOS_DEPLOYMENT_TARGET = 18.2;
				LOCALIZATION_PREFERS_STRING_CATALOGS = YES;
				MTL_ENABLE_DEBUG_INFO = INCLUDE_SOURCE;
				MTL_FAST_MATH = YES;
				ONLY_ACTIVE_ARCH = YES;
				SDKROOT = iphoneos;
				SWIFT_ACTIVE_COMPILATION_CONDITIONS = "DEBUG $(inherited)";
				SWIFT_OPTIMIZATION_LEVEL = "-Onone";
			};
			name = Debug;
		};
		174073F12DCBDDC2000D0596 /* Release */ = {
			isa = XCBuildConfiguration;
			buildSettings = {
				ALWAYS_SEARCH_USER_PATHS = NO;
				ASSETCATALOG_COMPILER_GENERATE_SWIFT_ASSET_SYMBOL_EXTENSIONS = YES;
				CLANG_ANALYZER_NONNULL = YES;
				CLANG_ANALYZER_NUMBER_OBJECT_CONVERSION = YES_AGGRESSIVE;
				CLANG_CXX_LANGUAGE_STANDARD = "gnu++20";
				CLANG_ENABLE_MODULES = YES;
				CLANG_ENABLE_OBJC_ARC = YES;
				CLANG_ENABLE_OBJC_WEAK = YES;
				CLANG_WARN_BLOCK_CAPTURE_AUTORELEASING = YES;
				CLANG_WARN_BOOL_CONVERSION = YES;
				CLANG_WARN_COMMA = YES;
				CLANG_WARN_CONSTANT_CONVERSION = YES;
				CLANG_WARN_DEPRECATED_OBJC_IMPLEMENTATIONS = YES;
				CLANG_WARN_DIRECT_OBJC_ISA_USAGE = YES_ERROR;
				CLANG_WARN_DOCUMENTATION_COMMENTS = YES;
				CLANG_WARN_EMPTY_BODY = YES;
				CLANG_WARN_ENUM_CONVERSION = YES;
				CLANG_WARN_INFINITE_RECURSION = YES;
				CLANG_WARN_INT_CONVERSION = YES;
				CLANG_WARN_NON_LITERAL_NULL_CONVERSION = YES;
				CLANG_WARN_OBJC_IMPLICIT_RETAIN_SELF = YES;
				CLANG_WARN_OBJC_LITERAL_CONVERSION = YES;
				CLANG_WARN_OBJC_ROOT_CLASS = YES_ERROR;
				CLANG_WARN_QUOTED_INCLUDE_IN_FRAMEWORK_HEADER = YES;
				CLANG_WARN_RANGE_LOOP_ANALYSIS = YES;
				CLANG_WARN_STRICT_PROTOTYPES = YES;
				CLANG_WARN_SUSPICIOUS_MOVE = YES;
				CLANG_WARN_UNGUARDED_AVAILABILITY = YES_AGGRESSIVE;
				CLANG_WARN_UNREACHABLE_CODE = YES;
				CLANG_WARN__DUPLICATE_METHOD_MATCH = YES;
				COPY_PHASE_STRIP = NO;
				DEBUG_INFORMATION_FORMAT = "dwarf-with-dsym";
				ENABLE_NS_ASSERTIONS = NO;
				ENABLE_STRICT_OBJC_MSGSEND = YES;
				ENABLE_USER_SCRIPT_SANDBOXING = YES;
				GCC_C_LANGUAGE_STANDARD = gnu17;
				GCC_NO_COMMON_BLOCKS = YES;
				GCC_WARN_64_TO_32_BIT_CONVERSION = YES;
				GCC_WARN_ABOUT_RETURN_TYPE = YES_ERROR;
				GCC_WARN_UNDECLARED_SELECTOR = YES;
				GCC_WARN_UNINITIALIZED_AUTOS = YES_AGGRESSIVE;
				GCC_WARN_UNUSED_FUNCTION = YES;
				GCC_WARN_UNUSED_VARIABLE = YES;
				IPHONEOS_DEPLOYMENT_TARGET = 18.2;
				LOCALIZATION_PREFERS_STRING_CATALOGS = YES;
				MTL_ENABLE_DEBUG_INFO = NO;
				MTL_FAST_MATH = YES;
				SDKROOT = iphoneos;
				SWIFT_COMPILATION_MODE = wholemodule;
				VALIDATE_PRODUCT = YES;
			};
			name = Release;
		};
		174073F32DCBDDC2000D0596 /* Debug */ = {
			isa = XCBuildConfiguration;
			buildSettings = {
				ASSETCATALOG_COMPILER_APPICON_NAME = AppIcon;
				ASSETCATALOG_COMPILER_GLOBAL_ACCENT_COLOR_NAME = AccentColor;
				CODE_SIGN_STYLE = Automatic;
				CURRENT_PROJECT_VERSION = 1;
				DEVELOPMENT_ASSET_PATHS = "\"base-ios/Preview Content\"";
				DEVELOPMENT_TEAM = E8QARB2U57;
				ENABLE_PREVIEWS = YES;
				GENERATE_INFOPLIST_FILE = YES;
				INFOPLIST_KEY_UIApplicationSceneManifest_Generation = YES;
				INFOPLIST_KEY_UIApplicationSupportsIndirectInputEvents = YES;
				INFOPLIST_KEY_UILaunchScreen_Generation = YES;
				INFOPLIST_KEY_UISupportedInterfaceOrientations_iPad = "UIInterfaceOrientationPortrait UIInterfaceOrientationPortraitUpsideDown UIInterfaceOrientationLandscapeLeft UIInterfaceOrientationLandscapeRight";
				INFOPLIST_KEY_UISupportedInterfaceOrientations_iPhone = "UIInterfaceOrientationPortrait UIInterfaceOrientationLandscapeLeft UIInterfaceOrientationLandscapeRight";
				LD_RUNPATH_SEARCH_PATHS = (
					"$(inherited)",
					"@executable_path/Frameworks",
				);
				MARKETING_VERSION = 1.0;
				PRODUCT_BUNDLE_IDENTIFIER = "com.fhnw.base-ios";
				PRODUCT_NAME = "$(TARGET_NAME)";
				SWIFT_EMIT_LOC_STRINGS = YES;
				SWIFT_VERSION = 5.0;
				TARGETED_DEVICE_FAMILY = "1,2";
			};
			name = Debug;
		};
		174073F42DCBDDC2000D0596 /* Release */ = {
			isa = XCBuildConfiguration;
			buildSettings = {
				ASSETCATALOG_COMPILER_APPICON_NAME = AppIcon;
				ASSETCATALOG_COMPILER_GLOBAL_ACCENT_COLOR_NAME = AccentColor;
				CODE_SIGN_STYLE = Automatic;
				CURRENT_PROJECT_VERSION = 1;
				DEVELOPMENT_ASSET_PATHS = "\"base-ios/Preview Content\"";
				DEVELOPMENT_TEAM = E8QARB2U57;
				ENABLE_PREVIEWS = YES;
				GENERATE_INFOPLIST_FILE = YES;
				INFOPLIST_KEY_UIApplicationSceneManifest_Generation = YES;
				INFOPLIST_KEY_UIApplicationSupportsIndirectInputEvents = YES;
				INFOPLIST_KEY_UILaunchScreen_Generation = YES;
				INFOPLIST_KEY_UISupportedInterfaceOrientations_iPad = "UIInterfaceOrientationPortrait UIInterfaceOrientationPortraitUpsideDown UIInterfaceOrientationLandscapeLeft UIInterfaceOrientationLandscapeRight";
				INFOPLIST_KEY_UISupportedInterfaceOrientations_iPhone = "UIInterfaceOrientationPortrait UIInterfaceOrientationLandscapeLeft UIInterfaceOrientationLandscapeRight";
				LD_RUNPATH_SEARCH_PATHS = (
					"$(inherited)",
					"@executable_path/Frameworks",
				);
				MARKETING_VERSION = 1.0;
				PRODUCT_BUNDLE_IDENTIFIER = "com.fhnw.base-ios";
				PRODUCT_NAME = "$(TARGET_NAME)";
				SWIFT_EMIT_LOC_STRINGS = YES;
				SWIFT_VERSION = 5.0;
				TARGETED_DEVICE_FAMILY = "1,2";
			};
			name = Release;
		};
		174073F62DCBDDC2000D0596 /* Debug */ = {
			isa = XCBuildConfiguration;
			buildSettings = {
				BUNDLE_LOADER = "$(TEST_HOST)";
				CODE_SIGN_STYLE = Automatic;
				CURRENT_PROJECT_VERSION = 1;
				DEVELOPMENT_TEAM = E8QARB2U57;
				GENERATE_INFOPLIST_FILE = YES;
				IPHONEOS_DEPLOYMENT_TARGET = 18.2;
				MARKETING_VERSION = 1.0;
				PRODUCT_BUNDLE_IDENTIFIER = "com.fhnw.base-iosTests";
				PRODUCT_NAME = "$(TARGET_NAME)";
				SWIFT_EMIT_LOC_STRINGS = NO;
				SWIFT_VERSION = 5.0;
				TARGETED_DEVICE_FAMILY = "1,2";
				TEST_HOST = "$(BUILT_PRODUCTS_DIR)/base-ios.app/$(BUNDLE_EXECUTABLE_FOLDER_PATH)/base-ios";
			};
			name = Debug;
		};
		174073F72DCBDDC2000D0596 /* Release */ = {
			isa = XCBuildConfiguration;
			buildSettings = {
				BUNDLE_LOADER = "$(TEST_HOST)";
				CODE_SIGN_STYLE = Automatic;
				CURRENT_PROJECT_VERSION = 1;
				DEVELOPMENT_TEAM = E8QARB2U57;
				GENERATE_INFOPLIST_FILE = YES;
				IPHONEOS_DEPLOYMENT_TARGET = 18.2;
				MARKETING_VERSION = 1.0;
				PRODUCT_BUNDLE_IDENTIFIER = "com.fhnw.base-iosTests";
				PRODUCT_NAME = "$(TARGET_NAME)";
				SWIFT_EMIT_LOC_STRINGS = NO;
				SWIFT_VERSION = 5.0;
				TARGETED_DEVICE_FAMILY = "1,2";
				TEST_HOST = "$(BUILT_PRODUCTS_DIR)/base-ios.app/$(BUNDLE_EXECUTABLE_FOLDER_PATH)/base-ios";
			};
			name = Release;
		};
		174073F92DCBDDC2000D0596 /* Debug */ = {
			isa = XCBuildConfiguration;
			buildSettings = {
				CODE_SIGN_STYLE = Automatic;
				CURRENT_PROJECT_VERSION = 1;
				DEVELOPMENT_TEAM = E8QARB2U57;
				GENERATE_INFOPLIST_FILE = YES;
				MARKETING_VERSION = 1.0;
				PRODUCT_BUNDLE_IDENTIFIER = "com.fhnw.base-iosUITests";
				PRODUCT_NAME = "$(TARGET_NAME)";
				SWIFT_EMIT_LOC_STRINGS = NO;
				SWIFT_VERSION = 5.0;
				TARGETED_DEVICE_FAMILY = "1,2";
				TEST_TARGET_NAME = "base-ios";
			};
			name = Debug;
		};
		174073FA2DCBDDC2000D0596 /* Release */ = {
			isa = XCBuildConfiguration;
			buildSettings = {
				CODE_SIGN_STYLE = Automatic;
				CURRENT_PROJECT_VERSION = 1;
				DEVELOPMENT_TEAM = E8QARB2U57;
				GENERATE_INFOPLIST_FILE = YES;
				MARKETING_VERSION = 1.0;
				PRODUCT_BUNDLE_IDENTIFIER = "com.fhnw.base-iosUITests";
				PRODUCT_NAME = "$(TARGET_NAME)";
				SWIFT_EMIT_LOC_STRINGS = NO;
				SWIFT_VERSION = 5.0;
				TARGETED_DEVICE_FAMILY = "1,2";
				TEST_TARGET_NAME = "base-ios";
			};
			name = Release;
		};
/* End XCBuildConfiguration section */

/* Begin XCConfigurationList section */
		174073C92DCBDDBD000D0596 /* Build configuration list for PBXProject "base-ios" */ = {
			isa = XCConfigurationList;
			buildConfigurations = (
				174073F02DCBDDC2000D0596 /* Debug */,
				174073F12DCBDDC2000D0596 /* Release */,
			);
			defaultConfigurationIsVisible = 0;
			defaultConfigurationName = Release;
		};
		174073F22DCBDDC2000D0596 /* Build configuration list for PBXNativeTarget "base-ios" */ = {
			isa = XCConfigurationList;
			buildConfigurations = (
				174073F32DCBDDC2000D0596 /* Debug */,
				174073F42DCBDDC2000D0596 /* Release */,
			);
			defaultConfigurationIsVisible = 0;
			defaultConfigurationName = Release;
		};
		174073F52DCBDDC2000D0596 /* Build configuration list for PBXNativeTarget "base-iosTests" */ = {
			isa = XCConfigurationList;
			buildConfigurations = (
				174073F62DCBDDC2000D0596 /* Debug */,
				174073F72DCBDDC2000D0596 /* Release */,
			);
			defaultConfigurationIsVisible = 0;
			defaultConfigurationName = Release;
		};
		174073F82DCBDDC2000D0596 /* Build configuration list for PBXNativeTarget "base-iosUITests" */ = {
			isa = XCConfigurationList;
			buildConfigurations = (
				174073F92DCBDDC2000D0596 /* Debug */,
				174073FA2DCBDDC2000D0596 /* Release */,
			);
			defaultConfigurationIsVisible = 0;
			defaultConfigurationName = Release;
		};
/* End XCConfigurationList section */
	};
	rootObject = 174073C62DCBDDBD000D0596 /* Project object */;
}
